
Microsoft Visual Studio Solution File, Format Version 12.00
# Visual Studio Version 17
VisualStudioVersion = 17.11.35222.181
MinimumVisualStudioVersion = 10.0.40219.1
Project("{9A19103F-16F7-4668-BE54-9A1E7A4F7556}") = "RentalService.ClassLibrary", "RentalService.ClassLibrary\RentalService.ClassLibrary.csproj", "{945DA8FB-FDFB-4778-832B-26E39E1D39A3}"
EndProject
Project("{9A19103F-16F7-4668-BE54-9A1E7A4F7556}") = "RentalService.Test", "RentalService.Test\RentalService.Test.csproj", "{87343892-341C-4FA1-8503-38BA97FA9958}"
EndProject
Global
	GlobalSection(SolutionConfigurationPlatforms) = preSolution
		Debug|Any CPU = Debug|Any CPU
		Release|Any CPU = Release|Any CPU
	EndGlobalSection
	GlobalSection(ProjectConfigurationPlatforms) = postSolution
		{945DA8FB-FDFB-4778-832B-26E39E1D39A3}.Debug|Any CPU.ActiveCfg = Debug|Any CPU
		{945DA8FB-FDFB-4778-832B-26E39E1D39A3}.Debug|Any CPU.Build.0 = Debug|Any CPU
		{945DA8FB-FDFB-4778-832B-26E39E1D39A3}.Release|Any CPU.ActiveCfg = Release|Any CPU
		{945DA8FB-FDFB-4778-832B-26E39E1D39A3}.Release|Any CPU.Build.0 = Release|Any CPU
		{87343892-341C-4FA1-8503-38BA97FA9958}.Debug|Any CPU.ActiveCfg = Debug|Any CPU
		{87343892-341C-4FA1-8503-38BA97FA9958}.Debug|Any CPU.Build.0 = Debug|Any CPU
		{87343892-341C-4FA1-8503-38BA97FA9958}.Release|Any CPU.ActiveCfg = Release|Any CPU
		{87343892-341C-4FA1-8503-38BA97FA9958}.Release|Any CPU.Build.0 = Release|Any CPU
	EndGlobalSection
	GlobalSection(SolutionProperties) = preSolution
		HideSolutionNode = FALSE
	EndGlobalSection
	GlobalSection(ExtensibilityGlobals) = postSolution
		SolutionGuid = {0E919277-9EF9-4928-AC7B-91FA69B98EB4}
	EndGlobalSection
EndGlobal
